
Microsoft Visual Studio Solution File, Format Version 12.00
# Visual Studio Version 17
VisualStudioVersion = 17.12.35527.113 d17.12
MinimumVisualStudioVersion = 10.0.40219.1
Project("{FAE04EC0-301F-11D3-BF4B-00C04F79EFBC}") = "YazılımOrg15Eylul_ETicaret", "YazılımOrg15Eylul_ETicaret\YazılımOrg15Eylul_ETicaret.csproj", "{E94D4FB3-3795-4E38-B362-8A26ADAEEBFE}"
EndProject
Global
	GlobalSection(SolutionConfigurationPlatforms) = preSolution
		Debug|Any CPU = Debug|Any CPU
		Release|Any CPU = Release|Any CPU
	EndGlobalSection
	GlobalSection(ProjectConfigurationPlatforms) = postSolution
		{E94D4FB3-3795-4E38-B362-8A26ADAEEBFE}.Debug|Any CPU.ActiveCfg = Debug|Any CPU
		{E94D4FB3-3795-4E38-B362-8A26ADAEEBFE}.Debug|Any CPU.Build.0 = Debug|Any CPU
		{E94D4FB3-3795-4E38-B362-8A26ADAEEBFE}.Release|Any CPU.ActiveCfg = Release|Any CPU
		{E94D4FB3-3795-4E38-B362-8A26ADAEEBFE}.Release|Any CPU.Build.0 = Release|Any CPU
	EndGlobalSection
	GlobalSection(SolutionProperties) = preSolution
		HideSolutionNode = FALSE
	EndGlobalSection
EndGlobal
